{
  "originHash" : "dae86fc2cc662c6489da5f642f60549a348867326a2ef596f1d11e71fc81ca7a",
  "pins" : [
    {
      "identity" : "home-control-client",
      "kind" : "remoteSourceControl",
      "location" : "https://github.com/f23a/home-control-client.git",
      "state" : {
        "revision" : "aa93acc494eeac45aa035c82fd80a1765f1c0e3e",
        "version" : "1.7.3"
      }
    },
    {
      "identity" : "home-control-kit",
      "kind" : "remoteSourceControl",
      "location" : "https://github.com/f23a/home-control-kit.git",
      "state" : {
        "revision" : "5dcbf8c03297d2fdfc2b484313b27800f64cd114",
        "version" : "1.8.4"
      }
    },
    {
      "identity" : "home-control-logging",
      "kind" : "remoteSourceControl",
      "location" : "https://github.com/f23a/home-control-logging.git",
      "state" : {
        "revision" : "8f37597c3a4c17a2ea8235d4343feba6766756da",
        "version" : "1.0.0"
      }
    },
    {
      "identity" : "swift-argument-parser",
      "kind" : "remoteSourceControl",
      "location" : "https://github.com/apple/swift-argument-parser.git",
      "state" : {
        "revision" : "41982a3656a71c768319979febd796c6fd111d5c",
        "version" : "1.5.0"
      }
    },
    {
      "identity" : "swift-log",
      "kind" : "remoteSourceControl",
      "location" : "https://github.com/apple/swift-log.git",
      "state" : {
        "revision" : "9cb486020ebf03bfa5b5df985387a14a98744537",
        "version" : "1.6.1"
      }
    }
  ],
  "version" : 3
}
